// !$*UTF8*$!
{
	archiveVersion = 1;
	classes = {
	};
	objectVersion = 55;
	objects = {

/* Begin PBXBuildFile section */
		1BC6B5ADFB9AE790BFA163CA /* Pods_AmIArtist.framework in Frameworks */ = {isa = PBXBuildFile; fileRef = C377CA222D0782E82ED44C9E /* Pods_AmIArtist.framework */; };
		3270FC99092BBA08ADE312BE /* Pods_AmIArtistTests.framework in Frameworks */ = {isa = PBXBuildFile; fileRef = FC82D8DA9A2165A4E20CCCCE /* Pods_AmIArtistTests.framework */; };
		56DCBB0AE4CA5AF87B929DE3 /* Pods_AmIArtist_AmIArtistUITests.framework in Frameworks */ = {isa = PBXBuildFile; fileRef = A80E971F8491F939BA3DB7D3 /* Pods_AmIArtist_AmIArtistUITests.framework */; };
		900BE390277071B500D04E8E /* test.png in Resources */ = {isa = PBXBuildFile; fileRef = 900BE38F277071B500D04E8E /* test.png */; };
		900BE3922770B1C600D04E8E /* background.jpg in Resources */ = {isa = PBXBuildFile; fileRef = 900BE3912770B1C600D04E8E /* background.jpg */; };
		900BE3942770B45200D04E8E /* background2.jpg in Resources */ = {isa = PBXBuildFile; fileRef = 900BE3932770B45200D04E8E /* background2.jpg */; };
		900BE3DF2770DB4D00D04E8E /* DataModel.xcdatamodeld in Sources */ = {isa = PBXBuildFile; fileRef = 900BE3DD2770DB4D00D04E8E /* DataModel.xcdatamodeld */; };
		900BE3E12770F04A00D04E8E /* HistoryViewController.swift in Sources */ = {isa = PBXBuildFile; fileRef = 900BE3E02770F04A00D04E8E /* HistoryViewController.swift */; };
		900BE3E32771A96B00D04E8E /* popup.png in Resources */ = {isa = PBXBuildFile; fileRef = 900BE3E22771A96B00D04E8E /* popup.png */; };
		900BE3E52771BCF400D04E8E /* HistoryItemViewCell.swift in Sources */ = {isa = PBXBuildFile; fileRef = 900BE3E42771BCF400D04E8E /* HistoryItemViewCell.swift */; };
		900BE3E7277202D800D04E8E /* HistoryCollectionView.swift in Sources */ = {isa = PBXBuildFile; fileRef = 900BE3E6277202D800D04E8E /* HistoryCollectionView.swift */; };
		900BE3E9277216C700D04E8E /* PaddingLabel.swift in Sources */ = {isa = PBXBuildFile; fileRef = 900BE3E8277216C700D04E8E /* PaddingLabel.swift */; };
		900BE3EB2772F86500D04E8E /* fail.png in Resources */ = {isa = PBXBuildFile; fileRef = 900BE3EA2772F86500D04E8E /* fail.png */; };
		900BE3F02773033700D04E8E /* success.png in Resources */ = {isa = PBXBuildFile; fileRef = 900BE3EF2773033700D04E8E /* success.png */; };
		9034BC22276CFCF7009A6545 /* AppDelegate.swift in Sources */ = {isa = PBXBuildFile; fileRef = 9034BC21276CFCF7009A6545 /* AppDelegate.swift */; };
		9034BC24276CFCF7009A6545 /* SceneDelegate.swift in Sources */ = {isa = PBXBuildFile; fileRef = 9034BC23276CFCF7009A6545 /* SceneDelegate.swift */; };
		9034BC26276CFCF7009A6545 /* ViewController.swift in Sources */ = {isa = PBXBuildFile; fileRef = 9034BC25276CFCF7009A6545 /* ViewController.swift */; };
		9034BC29276CFCF7009A6545 /* Main.storyboard in Resources */ = {isa = PBXBuildFile; fileRef = 9034BC27276CFCF7009A6545 /* Main.storyboard */; };
		9034BC2B276CFCF8009A6545 /* Assets.xcassets in Resources */ = {isa = PBXBuildFile; fileRef = 9034BC2A276CFCF8009A6545 /* Assets.xcassets */; };
		9034BC2E276CFCF8009A6545 /* LaunchScreen.storyboard in Resources */ = {isa = PBXBuildFile; fileRef = 9034BC2C276CFCF8009A6545 /* LaunchScreen.storyboard */; };
		9034BC39276CFCF8009A6545 /* AutoML42Tests.swift in Sources */ = {isa = PBXBuildFile; fileRef = 9034BC38276CFCF8009A6545 /* AutoML42Tests.swift */; };
		9034BC43276CFCF8009A6545 /* AutoML42UITests.swift in Sources */ = {isa = PBXBuildFile; fileRef = 9034BC42276CFCF8009A6545 /* AutoML42UITests.swift */; };
		9034BC45276CFCF8009A6545 /* AutoML42UITestsLaunchTests.swift in Sources */ = {isa = PBXBuildFile; fileRef = 9034BC44276CFCF8009A6545 /* AutoML42UITestsLaunchTests.swift */; };
		906277EE2773B72D00CC3562 /* .swiftlint.yml in Resources */ = {isa = PBXBuildFile; fileRef = 906277ED2773B72D00CC3562 /* .swiftlint.yml */; };
/* End PBXBuildFile section */

/* Begin PBXContainerItemProxy section */
		9034BC35276CFCF8009A6545 /* PBXContainerItemProxy */ = {
			isa = PBXContainerItemProxy;
			containerPortal = 9034BC16276CFCF6009A6545 /* Project object */;
			proxyType = 1;
			remoteGlobalIDString = 9034BC1D276CFCF7009A6545;
			remoteInfo = AutoML42;
		};
		9034BC3F276CFCF8009A6545 /* PBXContainerItemProxy */ = {
			isa = PBXContainerItemProxy;
			containerPortal = 9034BC16276CFCF6009A6545 /* Project object */;
			proxyType = 1;
			remoteGlobalIDString = 9034BC1D276CFCF7009A6545;
			remoteInfo = AutoML42;
		};
/* End PBXContainerItemProxy section */

/* Begin PBXFileReference section */
		077D7848F4129A9C5029648B /* Pods-AmIArtistTests.release.xcconfig */ = {isa = PBXFileReference; includeInIndex = 1; lastKnownFileType = text.xcconfig; name = "Pods-AmIArtistTests.release.xcconfig"; path = "Target Support Files/Pods-AmIArtistTests/Pods-AmIArtistTests.release.xcconfig"; sourceTree = "<group>"; };
		0BA032E15C98B9DBE341F550 /* Pods-AutoML42-AutoML42UITests.debug.xcconfig */ = {isa = PBXFileReference; includeInIndex = 1; lastKnownFileType = text.xcconfig; name = "Pods-AutoML42-AutoML42UITests.debug.xcconfig"; path = "Target Support Files/Pods-AutoML42-AutoML42UITests/Pods-AutoML42-AutoML42UITests.debug.xcconfig"; sourceTree = "<group>"; };
		1AC3B85712EDADD795C536C9 /* Pods-AutoML42-AutoML42UITests.release.xcconfig */ = {isa = PBXFileReference; includeInIndex = 1; lastKnownFileType = text.xcconfig; name = "Pods-AutoML42-AutoML42UITests.release.xcconfig"; path = "Target Support Files/Pods-AutoML42-AutoML42UITests/Pods-AutoML42-AutoML42UITests.release.xcconfig"; sourceTree = "<group>"; };
		1C205B977B830E1F063CBEF4 /* Pods-AmIArtistTests.debug.xcconfig */ = {isa = PBXFileReference; includeInIndex = 1; lastKnownFileType = text.xcconfig; name = "Pods-AmIArtistTests.debug.xcconfig"; path = "Target Support Files/Pods-AmIArtistTests/Pods-AmIArtistTests.debug.xcconfig"; sourceTree = "<group>"; };
		4E9D2C1C71A9F949CFAEBFD5 /* Pods-AmIArtist-AmIArtistUITests.release.xcconfig */ = {isa = PBXFileReference; includeInIndex = 1; lastKnownFileType = text.xcconfig; name = "Pods-AmIArtist-AmIArtistUITests.release.xcconfig"; path = "Target Support Files/Pods-AmIArtist-AmIArtistUITests/Pods-AmIArtist-AmIArtistUITests.release.xcconfig"; sourceTree = "<group>"; };
		4EB69187D5E21B9D127F7B7F /* Pods-AutoML42Tests.release.xcconfig */ = {isa = PBXFileReference; includeInIndex = 1; lastKnownFileType = text.xcconfig; name = "Pods-AutoML42Tests.release.xcconfig"; path = "Target Support Files/Pods-AutoML42Tests/Pods-AutoML42Tests.release.xcconfig"; sourceTree = "<group>"; };
		7D47A6F3548C8EB2E969E210 /* Pods-AmIArtist.debug.xcconfig */ = {isa = PBXFileReference; includeInIndex = 1; lastKnownFileType = text.xcconfig; name = "Pods-AmIArtist.debug.xcconfig"; path = "Target Support Files/Pods-AmIArtist/Pods-AmIArtist.debug.xcconfig"; sourceTree = "<group>"; };
		81C2C23C69AA3D3116896EF7 /* Pods-AmIArtist-AmIArtistUITests.debug.xcconfig */ = {isa = PBXFileReference; includeInIndex = 1; lastKnownFileType = text.xcconfig; name = "Pods-AmIArtist-AmIArtistUITests.debug.xcconfig"; path = "Target Support Files/Pods-AmIArtist-AmIArtistUITests/Pods-AmIArtist-AmIArtistUITests.debug.xcconfig"; sourceTree = "<group>"; };
		900BE38F277071B500D04E8E /* test.png */ = {isa = PBXFileReference; lastKnownFileType = image.png; path = test.png; sourceTree = "<group>"; };
		900BE3912770B1C600D04E8E /* background.jpg */ = {isa = PBXFileReference; lastKnownFileType = image.jpeg; path = background.jpg; sourceTree = "<group>"; };
		900BE3932770B45200D04E8E /* background2.jpg */ = {isa = PBXFileReference; lastKnownFileType = image.jpeg; path = background2.jpg; sourceTree = "<group>"; };
		900BE3DE2770DB4D00D04E8E /* DataModel.xcdatamodel */ = {isa = PBXFileReference; lastKnownFileType = wrapper.xcdatamodel; path = DataModel.xcdatamodel; sourceTree = "<group>"; };
		900BE3E02770F04A00D04E8E /* HistoryViewController.swift */ = {isa = PBXFileReference; lastKnownFileType = sourcecode.swift; path = HistoryViewController.swift; sourceTree = "<group>"; };
		900BE3E22771A96B00D04E8E /* popup.png */ = {isa = PBXFileReference; lastKnownFileType = image.png; path = popup.png; sourceTree = "<group>"; };
		900BE3E42771BCF400D04E8E /* HistoryItemViewCell.swift */ = {isa = PBXFileReference; lastKnownFileType = sourcecode.swift; path = HistoryItemViewCell.swift; sourceTree = "<group>"; };
		900BE3E6277202D800D04E8E /* HistoryCollectionView.swift */ = {isa = PBXFileReference; lastKnownFileType = sourcecode.swift; path = HistoryCollectionView.swift; sourceTree = "<group>"; };
		900BE3E8277216C700D04E8E /* PaddingLabel.swift */ = {isa = PBXFileReference; lastKnownFileType = sourcecode.swift; path = PaddingLabel.swift; sourceTree = "<group>"; };
		900BE3EA2772F86500D04E8E /* fail.png */ = {isa = PBXFileReference; lastKnownFileType = image.png; path = fail.png; sourceTree = "<group>"; };
		900BE3EF2773033700D04E8E /* success.png */ = {isa = PBXFileReference; lastKnownFileType = image.png; path = success.png; sourceTree = "<group>"; };
		9034BC1E276CFCF7009A6545 /* AmIArtist.app */ = {isa = PBXFileReference; explicitFileType = wrapper.application; includeInIndex = 0; path = AmIArtist.app; sourceTree = BUILT_PRODUCTS_DIR; };
		9034BC21276CFCF7009A6545 /* AppDelegate.swift */ = {isa = PBXFileReference; lastKnownFileType = sourcecode.swift; path = AppDelegate.swift; sourceTree = "<group>"; };
		9034BC23276CFCF7009A6545 /* SceneDelegate.swift */ = {isa = PBXFileReference; lastKnownFileType = sourcecode.swift; path = SceneDelegate.swift; sourceTree = "<group>"; };
		9034BC25276CFCF7009A6545 /* ViewController.swift */ = {isa = PBXFileReference; lastKnownFileType = sourcecode.swift; path = ViewController.swift; sourceTree = "<group>"; };
		9034BC28276CFCF7009A6545 /* Base */ = {isa = PBXFileReference; lastKnownFileType = file.storyboard; name = Base; path = Base.lproj/Main.storyboard; sourceTree = "<group>"; };
		9034BC2A276CFCF8009A6545 /* Assets.xcassets */ = {isa = PBXFileReference; lastKnownFileType = folder.assetcatalog; path = Assets.xcassets; sourceTree = "<group>"; };
		9034BC2D276CFCF8009A6545 /* Base */ = {isa = PBXFileReference; lastKnownFileType = file.storyboard; name = Base; path = Base.lproj/LaunchScreen.storyboard; sourceTree = "<group>"; };
		9034BC2F276CFCF8009A6545 /* Info.plist */ = {isa = PBXFileReference; lastKnownFileType = text.plist.xml; path = Info.plist; sourceTree = "<group>"; };
		9034BC34276CFCF8009A6545 /* AmIArtistTests.xctest */ = {isa = PBXFileReference; explicitFileType = wrapper.cfbundle; includeInIndex = 0; path = AmIArtistTests.xctest; sourceTree = BUILT_PRODUCTS_DIR; };
		9034BC38276CFCF8009A6545 /* AutoML42Tests.swift */ = {isa = PBXFileReference; lastKnownFileType = sourcecode.swift; path = AutoML42Tests.swift; sourceTree = "<group>"; };
		9034BC3E276CFCF8009A6545 /* AmIArtistUITests.xctest */ = {isa = PBXFileReference; explicitFileType = wrapper.cfbundle; includeInIndex = 0; path = AmIArtistUITests.xctest; sourceTree = BUILT_PRODUCTS_DIR; };
		9034BC42276CFCF8009A6545 /* AutoML42UITests.swift */ = {isa = PBXFileReference; lastKnownFileType = sourcecode.swift; path = AutoML42UITests.swift; sourceTree = "<group>"; };
		9034BC44276CFCF8009A6545 /* AutoML42UITestsLaunchTests.swift */ = {isa = PBXFileReference; lastKnownFileType = sourcecode.swift; path = AutoML42UITestsLaunchTests.swift; sourceTree = "<group>"; };
		906277ED2773B72D00CC3562 /* .swiftlint.yml */ = {isa = PBXFileReference; lastKnownFileType = text.yaml; path = .swiftlint.yml; sourceTree = "<group>"; };
		9D0BA6BC9EA42F43E8D759A2 /* Pods-AmIArtist.release.xcconfig */ = {isa = PBXFileReference; includeInIndex = 1; lastKnownFileType = text.xcconfig; name = "Pods-AmIArtist.release.xcconfig"; path = "Target Support Files/Pods-AmIArtist/Pods-AmIArtist.release.xcconfig"; sourceTree = "<group>"; };
		A15D7DD8D65BFCFBBC90CE6F /* Pods-AutoML42.debug.xcconfig */ = {isa = PBXFileReference; includeInIndex = 1; lastKnownFileType = text.xcconfig; name = "Pods-AutoML42.debug.xcconfig"; path = "Target Support Files/Pods-AutoML42/Pods-AutoML42.debug.xcconfig"; sourceTree = "<group>"; };
		A80E971F8491F939BA3DB7D3 /* Pods_AmIArtist_AmIArtistUITests.framework */ = {isa = PBXFileReference; explicitFileType = wrapper.framework; includeInIndex = 0; path = Pods_AmIArtist_AmIArtistUITests.framework; sourceTree = BUILT_PRODUCTS_DIR; };
		C30B9E2F2F84AB2FAB9ABF6C /* Pods-AutoML42.release.xcconfig */ = {isa = PBXFileReference; includeInIndex = 1; lastKnownFileType = text.xcconfig; name = "Pods-AutoML42.release.xcconfig"; path = "Target Support Files/Pods-AutoML42/Pods-AutoML42.release.xcconfig"; sourceTree = "<group>"; };
		C377CA222D0782E82ED44C9E /* Pods_AmIArtist.framework */ = {isa = PBXFileReference; explicitFileType = wrapper.framework; includeInIndex = 0; path = Pods_AmIArtist.framework; sourceTree = BUILT_PRODUCTS_DIR; };
		EFB696E60CACFB2C634F9BD7 /* Pods-AutoML42Tests.debug.xcconfig */ = {isa = PBXFileReference; includeInIndex = 1; lastKnownFileType = text.xcconfig; name = "Pods-AutoML42Tests.debug.xcconfig"; path = "Target Support Files/Pods-AutoML42Tests/Pods-AutoML42Tests.debug.xcconfig"; sourceTree = "<group>"; };
		FC82D8DA9A2165A4E20CCCCE /* Pods_AmIArtistTests.framework */ = {isa = PBXFileReference; explicitFileType = wrapper.framework; includeInIndex = 0; path = Pods_AmIArtistTests.framework; sourceTree = BUILT_PRODUCTS_DIR; };
/* End PBXFileReference section */

/* Begin PBXFrameworksBuildPhase section */
		9034BC1B276CFCF7009A6545 /* Frameworks */ = {
			isa = PBXFrameworksBuildPhase;
			buildActionMask = 2147483647;
			files = (
				1BC6B5ADFB9AE790BFA163CA /* Pods_AmIArtist.framework in Frameworks */,
			);
			runOnlyForDeploymentPostprocessing = 0;
		};
		9034BC31276CFCF8009A6545 /* Frameworks */ = {
			isa = PBXFrameworksBuildPhase;
			buildActionMask = 2147483647;
			files = (
				3270FC99092BBA08ADE312BE /* Pods_AmIArtistTests.framework in Frameworks */,
			);
			runOnlyForDeploymentPostprocessing = 0;
		};
		9034BC3B276CFCF8009A6545 /* Frameworks */ = {
			isa = PBXFrameworksBuildPhase;
			buildActionMask = 2147483647;
			files = (
				56DCBB0AE4CA5AF87B929DE3 /* Pods_AmIArtist_AmIArtistUITests.framework in Frameworks */,
			);
			runOnlyForDeploymentPostprocessing = 0;
		};
/* End PBXFrameworksBuildPhase section */

/* Begin PBXGroup section */
		352E2E256FC9C06E0E354B18 /* Frameworks */ = {
			isa = PBXGroup;
			children = (
				C377CA222D0782E82ED44C9E /* Pods_AmIArtist.framework */,
				A80E971F8491F939BA3DB7D3 /* Pods_AmIArtist_AmIArtistUITests.framework */,
				FC82D8DA9A2165A4E20CCCCE /* Pods_AmIArtistTests.framework */,
			);
			name = Frameworks;
			sourceTree = "<group>";
		};
		900BE38C276FB2B300D04E8E /* Resource */ = {
			isa = PBXGroup;
			children = (
				900BE38F277071B500D04E8E /* test.png */,
				900BE3912770B1C600D04E8E /* background.jpg */,
				900BE3932770B45200D04E8E /* background2.jpg */,
				900BE3E22771A96B00D04E8E /* popup.png */,
				900BE3EA2772F86500D04E8E /* fail.png */,
				900BE3EF2773033700D04E8E /* success.png */,
			);
			path = Resource;
			sourceTree = "<group>";
		};
		900BE3982770D0D400D04E8E /* Data */ = {
			isa = PBXGroup;
			children = (
				900BE3DD2770DB4D00D04E8E /* DataModel.xcdatamodeld */,
			);
			path = Data;
			sourceTree = "<group>";
		};
		900BE3992770D0DC00D04E8E /* Presentation */ = {
			isa = PBXGroup;
			children = (
				900BE3ED2772FB6A00D04E8E /* Main */,
				900BE39B2770D11200D04E8E /* History */,
				900BE3EE2772FBFE00D04E8E /* CustomUIView */,
			);
			path = Presentation;
			sourceTree = "<group>";
		};
		900BE39B2770D11200D04E8E /* History */ = {
			isa = PBXGroup;
			children = (
				900BE3E42771BCF400D04E8E /* HistoryItemViewCell.swift */,
				900BE3E6277202D800D04E8E /* HistoryCollectionView.swift */,
				900BE3E02770F04A00D04E8E /* HistoryViewController.swift */,
			);
			path = History;
			sourceTree = "<group>";
		};
		900BE3EC2772FACF00D04E8E /* Application */ = {
			isa = PBXGroup;
			children = (
				9034BC21276CFCF7009A6545 /* AppDelegate.swift */,
				9034BC23276CFCF7009A6545 /* SceneDelegate.swift */,
				9034BC2C276CFCF8009A6545 /* LaunchScreen.storyboard */,
				9034BC2A276CFCF8009A6545 /* Assets.xcassets */,
			);
			path = Application;
			sourceTree = "<group>";
		};
		900BE3ED2772FB6A00D04E8E /* Main */ = {
			isa = PBXGroup;
			children = (
				9034BC27276CFCF7009A6545 /* Main.storyboard */,
				9034BC25276CFCF7009A6545 /* ViewController.swift */,
			);
			path = Main;
			sourceTree = "<group>";
		};
		900BE3EE2772FBFE00D04E8E /* CustomUIView */ = {
			isa = PBXGroup;
			children = (
				900BE3E8277216C700D04E8E /* PaddingLabel.swift */,
			);
			path = CustomUIView;
			sourceTree = "<group>";
		};
		9034BC15276CFCF6009A6545 = {
			isa = PBXGroup;
			children = (
				906277ED2773B72D00CC3562 /* .swiftlint.yml */,
				9034BC20276CFCF7009A6545 /* AmIArtist */,
				9034BC37276CFCF8009A6545 /* AmIArtistTests */,
				9034BC41276CFCF8009A6545 /* AmIArtistUITests */,
				9034BC1F276CFCF7009A6545 /* Products */,
				E5C549E60DBC67C9CF70E457 /* Pods */,
				352E2E256FC9C06E0E354B18 /* Frameworks */,
			);
			sourceTree = "<group>";
		};
		9034BC1F276CFCF7009A6545 /* Products */ = {
			isa = PBXGroup;
			children = (
				9034BC1E276CFCF7009A6545 /* AmIArtist.app */,
				9034BC34276CFCF8009A6545 /* AmIArtistTests.xctest */,
				9034BC3E276CFCF8009A6545 /* AmIArtistUITests.xctest */,
			);
			name = Products;
			sourceTree = "<group>";
		};
		9034BC20276CFCF7009A6545 /* AmIArtist */ = {
			isa = PBXGroup;
			children = (
				900BE3982770D0D400D04E8E /* Data */,
				900BE38C276FB2B300D04E8E /* Resource */,
				900BE3992770D0DC00D04E8E /* Presentation */,
				900BE3EC2772FACF00D04E8E /* Application */,
				9034BC2F276CFCF8009A6545 /* Info.plist */,
			);
			path = AmIArtist;
			sourceTree = "<group>";
		};
		9034BC37276CFCF8009A6545 /* AmIArtistTests */ = {
			isa = PBXGroup;
			children = (
				9034BC38276CFCF8009A6545 /* AutoML42Tests.swift */,
			);
			path = AmIArtistTests;
			sourceTree = "<group>";
		};
		9034BC41276CFCF8009A6545 /* AmIArtistUITests */ = {
			isa = PBXGroup;
			children = (
				9034BC42276CFCF8009A6545 /* AutoML42UITests.swift */,
				9034BC44276CFCF8009A6545 /* AutoML42UITestsLaunchTests.swift */,
			);
			path = AmIArtistUITests;
			sourceTree = "<group>";
		};
		E5C549E60DBC67C9CF70E457 /* Pods */ = {
			isa = PBXGroup;
			children = (
				A15D7DD8D65BFCFBBC90CE6F /* Pods-AutoML42.debug.xcconfig */,
				C30B9E2F2F84AB2FAB9ABF6C /* Pods-AutoML42.release.xcconfig */,
				0BA032E15C98B9DBE341F550 /* Pods-AutoML42-AutoML42UITests.debug.xcconfig */,
				1AC3B85712EDADD795C536C9 /* Pods-AutoML42-AutoML42UITests.release.xcconfig */,
				EFB696E60CACFB2C634F9BD7 /* Pods-AutoML42Tests.debug.xcconfig */,
				4EB69187D5E21B9D127F7B7F /* Pods-AutoML42Tests.release.xcconfig */,
				7D47A6F3548C8EB2E969E210 /* Pods-AmIArtist.debug.xcconfig */,
				9D0BA6BC9EA42F43E8D759A2 /* Pods-AmIArtist.release.xcconfig */,
				81C2C23C69AA3D3116896EF7 /* Pods-AmIArtist-AmIArtistUITests.debug.xcconfig */,
				4E9D2C1C71A9F949CFAEBFD5 /* Pods-AmIArtist-AmIArtistUITests.release.xcconfig */,
				1C205B977B830E1F063CBEF4 /* Pods-AmIArtistTests.debug.xcconfig */,
				077D7848F4129A9C5029648B /* Pods-AmIArtistTests.release.xcconfig */,
			);
			path = Pods;
			sourceTree = "<group>";
		};
/* End PBXGroup section */

/* Begin PBXNativeTarget section */
		9034BC1D276CFCF7009A6545 /* AmIArtist */ = {
			isa = PBXNativeTarget;
			buildConfigurationList = 9034BC48276CFCF8009A6545 /* Build configuration list for PBXNativeTarget "AmIArtist" */;
			buildPhases = (
				E54679AB2369C09FDAF14CCB /* [CP] Check Pods Manifest.lock */,
				9034BC1A276CFCF7009A6545 /* Sources */,
				9034BC1B276CFCF7009A6545 /* Frameworks */,
				9034BC1C276CFCF7009A6545 /* Resources */,
				8A715413B7BEBE81FC7F87D9 /* [CP] Embed Pods Frameworks */,
				3304C85057AB696E85F9E8F4 /* [CP] Copy Pods Resources */,
				906277EA2773B42A00CC3562 /* ShellScript */,
			);
			buildRules = (
			);
			dependencies = (
			);
			name = AmIArtist;
			productName = AutoML42;
			productReference = 9034BC1E276CFCF7009A6545 /* AmIArtist.app */;
			productType = "com.apple.product-type.application";
		};
		9034BC33276CFCF8009A6545 /* AmIArtistTests */ = {
			isa = PBXNativeTarget;
			buildConfigurationList = 9034BC4B276CFCF8009A6545 /* Build configuration list for PBXNativeTarget "AmIArtistTests" */;
			buildPhases = (
				48ED5D8D6F52AE40BB1D7523 /* [CP] Check Pods Manifest.lock */,
				9034BC30276CFCF8009A6545 /* Sources */,
				9034BC31276CFCF8009A6545 /* Frameworks */,
				9034BC32276CFCF8009A6545 /* Resources */,
			);
			buildRules = (
			);
			dependencies = (
				9034BC36276CFCF8009A6545 /* PBXTargetDependency */,
			);
			name = AmIArtistTests;
			productName = AutoML42Tests;
			productReference = 9034BC34276CFCF8009A6545 /* AmIArtistTests.xctest */;
			productType = "com.apple.product-type.bundle.unit-test";
		};
		9034BC3D276CFCF8009A6545 /* AmIArtistUITests */ = {
			isa = PBXNativeTarget;
			buildConfigurationList = 9034BC4E276CFCF8009A6545 /* Build configuration list for PBXNativeTarget "AmIArtistUITests" */;
			buildPhases = (
				D245221E914799230903C994 /* [CP] Check Pods Manifest.lock */,
				9034BC3A276CFCF8009A6545 /* Sources */,
				9034BC3B276CFCF8009A6545 /* Frameworks */,
				9034BC3C276CFCF8009A6545 /* Resources */,
				6BF1C62347B34977FF494002 /* [CP] Embed Pods Frameworks */,
				5E2B981DF56C0B99153C9D75 /* [CP] Copy Pods Resources */,
			);
			buildRules = (
			);
			dependencies = (
				9034BC40276CFCF8009A6545 /* PBXTargetDependency */,
			);
			name = AmIArtistUITests;
			productName = AutoML42UITests;
			productReference = 9034BC3E276CFCF8009A6545 /* AmIArtistUITests.xctest */;
			productType = "com.apple.product-type.bundle.ui-testing";
		};
/* End PBXNativeTarget section */

/* Begin PBXProject section */
		9034BC16276CFCF6009A6545 /* Project object */ = {
			isa = PBXProject;
			attributes = {
				BuildIndependentTargetsInParallel = 1;
				LastSwiftUpdateCheck = 1310;
				LastUpgradeCheck = 1310;
				TargetAttributes = {
					9034BC1D276CFCF7009A6545 = {
						CreatedOnToolsVersion = 13.1;
					};
					9034BC33276CFCF8009A6545 = {
						CreatedOnToolsVersion = 13.1;
						TestTargetID = 9034BC1D276CFCF7009A6545;
					};
					9034BC3D276CFCF8009A6545 = {
						CreatedOnToolsVersion = 13.1;
						TestTargetID = 9034BC1D276CFCF7009A6545;
					};
				};
			};
			buildConfigurationList = 9034BC19276CFCF6009A6545 /* Build configuration list for PBXProject "AmIArtist" */;
			compatibilityVersion = "Xcode 13.0";
			developmentRegion = en;
			hasScannedForEncodings = 0;
			knownRegions = (
				en,
				Base,
			);
			mainGroup = 9034BC15276CFCF6009A6545;
			productRefGroup = 9034BC1F276CFCF7009A6545 /* Products */;
			projectDirPath = "";
			projectRoot = "";
			targets = (
				9034BC1D276CFCF7009A6545 /* AmIArtist */,
				9034BC33276CFCF8009A6545 /* AmIArtistTests */,
				9034BC3D276CFCF8009A6545 /* AmIArtistUITests */,
			);
		};
/* End PBXProject section */

/* Begin PBXResourcesBuildPhase section */
		9034BC1C276CFCF7009A6545 /* Resources */ = {
			isa = PBXResourcesBuildPhase;
			buildActionMask = 2147483647;
			files = (
				906277EE2773B72D00CC3562 /* .swiftlint.yml in Resources */,
				9034BC2E276CFCF8009A6545 /* LaunchScreen.storyboard in Resources */,
				900BE3F02773033700D04E8E /* success.png in Resources */,
				900BE3922770B1C600D04E8E /* background.jpg in Resources */,
				9034BC2B276CFCF8009A6545 /* Assets.xcassets in Resources */,
				900BE3E32771A96B00D04E8E /* popup.png in Resources */,
				9034BC29276CFCF7009A6545 /* Main.storyboard in Resources */,
				900BE3942770B45200D04E8E /* background2.jpg in Resources */,
				900BE390277071B500D04E8E /* test.png in Resources */,
				900BE3EB2772F86500D04E8E /* fail.png in Resources */,
			);
			runOnlyForDeploymentPostprocessing = 0;
		};
		9034BC32276CFCF8009A6545 /* Resources */ = {
			isa = PBXResourcesBuildPhase;
			buildActionMask = 2147483647;
			files = (
			);
			runOnlyForDeploymentPostprocessing = 0;
		};
		9034BC3C276CFCF8009A6545 /* Resources */ = {
			isa = PBXResourcesBuildPhase;
			buildActionMask = 2147483647;
			files = (
			);
			runOnlyForDeploymentPostprocessing = 0;
		};
/* End PBXResourcesBuildPhase section */

/* Begin PBXShellScriptBuildPhase section */
		3304C85057AB696E85F9E8F4 /* [CP] Copy Pods Resources */ = {
			isa = PBXShellScriptBuildPhase;
			buildActionMask = 2147483647;
			files = (
			);
			inputFileListPaths = (
				"${PODS_ROOT}/Target Support Files/Pods-AmIArtist/Pods-AmIArtist-resources-${CONFIGURATION}-input-files.xcfilelist",
			);
			name = "[CP] Copy Pods Resources";
			outputFileListPaths = (
				"${PODS_ROOT}/Target Support Files/Pods-AmIArtist/Pods-AmIArtist-resources-${CONFIGURATION}-output-files.xcfilelist",
			);
			runOnlyForDeploymentPostprocessing = 0;
			shellPath = /bin/sh;
			shellScript = "\"${PODS_ROOT}/Target Support Files/Pods-AmIArtist/Pods-AmIArtist-resources.sh\"\n";
			showEnvVarsInLog = 0;
		};
		48ED5D8D6F52AE40BB1D7523 /* [CP] Check Pods Manifest.lock */ = {
			isa = PBXShellScriptBuildPhase;
			buildActionMask = 2147483647;
			files = (
			);
			inputFileListPaths = (
			);
			inputPaths = (
				"${PODS_PODFILE_DIR_PATH}/Podfile.lock",
				"${PODS_ROOT}/Manifest.lock",
			);
			name = "[CP] Check Pods Manifest.lock";
			outputFileListPaths = (
			);
			outputPaths = (
				"$(DERIVED_FILE_DIR)/Pods-AmIArtistTests-checkManifestLockResult.txt",
			);
			runOnlyForDeploymentPostprocessing = 0;
			shellPath = /bin/sh;
			shellScript = "diff \"${PODS_PODFILE_DIR_PATH}/Podfile.lock\" \"${PODS_ROOT}/Manifest.lock\" > /dev/null\nif [ $? != 0 ] ; then\n    # print error to STDERR\n    echo \"error: The sandbox is not in sync with the Podfile.lock. Run 'pod install' or update your CocoaPods installation.\" >&2\n    exit 1\nfi\n# This output is used by Xcode 'outputs' to avoid re-running this script phase.\necho \"SUCCESS\" > \"${SCRIPT_OUTPUT_FILE_0}\"\n";
			showEnvVarsInLog = 0;
		};
		5E2B981DF56C0B99153C9D75 /* [CP] Copy Pods Resources */ = {
			isa = PBXShellScriptBuildPhase;
			buildActionMask = 2147483647;
			files = (
			);
			inputFileListPaths = (
				"${PODS_ROOT}/Target Support Files/Pods-AmIArtist-AmIArtistUITests/Pods-AmIArtist-AmIArtistUITests-resources-${CONFIGURATION}-input-files.xcfilelist",
			);
			name = "[CP] Copy Pods Resources";
			outputFileListPaths = (
				"${PODS_ROOT}/Target Support Files/Pods-AmIArtist-AmIArtistUITests/Pods-AmIArtist-AmIArtistUITests-resources-${CONFIGURATION}-output-files.xcfilelist",
			);
			runOnlyForDeploymentPostprocessing = 0;
			shellPath = /bin/sh;
			shellScript = "\"${PODS_ROOT}/Target Support Files/Pods-AmIArtist-AmIArtistUITests/Pods-AmIArtist-AmIArtistUITests-resources.sh\"\n";
			showEnvVarsInLog = 0;
		};
		6BF1C62347B34977FF494002 /* [CP] Embed Pods Frameworks */ = {
			isa = PBXShellScriptBuildPhase;
			buildActionMask = 2147483647;
			files = (
			);
			inputFileListPaths = (
				"${PODS_ROOT}/Target Support Files/Pods-AmIArtist-AmIArtistUITests/Pods-AmIArtist-AmIArtistUITests-frameworks-${CONFIGURATION}-input-files.xcfilelist",
			);
			name = "[CP] Embed Pods Frameworks";
			outputFileListPaths = (
				"${PODS_ROOT}/Target Support Files/Pods-AmIArtist-AmIArtistUITests/Pods-AmIArtist-AmIArtistUITests-frameworks-${CONFIGURATION}-output-files.xcfilelist",
			);
			runOnlyForDeploymentPostprocessing = 0;
			shellPath = /bin/sh;
			shellScript = "\"${PODS_ROOT}/Target Support Files/Pods-AmIArtist-AmIArtistUITests/Pods-AmIArtist-AmIArtistUITests-frameworks.sh\"\n";
			showEnvVarsInLog = 0;
		};
		8A715413B7BEBE81FC7F87D9 /* [CP] Embed Pods Frameworks */ = {
			isa = PBXShellScriptBuildPhase;
			buildActionMask = 2147483647;
			files = (
			);
			inputFileListPaths = (
				"${PODS_ROOT}/Target Support Files/Pods-AmIArtist/Pods-AmIArtist-frameworks-${CONFIGURATION}-input-files.xcfilelist",
			);
			name = "[CP] Embed Pods Frameworks";
			outputFileListPaths = (
				"${PODS_ROOT}/Target Support Files/Pods-AmIArtist/Pods-AmIArtist-frameworks-${CONFIGURATION}-output-files.xcfilelist",
			);
			runOnlyForDeploymentPostprocessing = 0;
			shellPath = /bin/sh;
			shellScript = "\"${PODS_ROOT}/Target Support Files/Pods-AmIArtist/Pods-AmIArtist-frameworks.sh\"\n";
			showEnvVarsInLog = 0;
		};
		906277EA2773B42A00CC3562 /* ShellScript */ = {
			isa = PBXShellScriptBuildPhase;
			buildActionMask = 2147483647;
			files = (
			);
			inputFileListPaths = (
			);
			inputPaths = (
			);
			outputFileListPaths = (
			);
			outputPaths = (
			);
			runOnlyForDeploymentPostprocessing = 0;
			shellPath = /bin/sh;
			shellScript = "# Type a script or drag a script file from your workspace to insert its path.\nif which swiftlint >/dev/null; then\n  swiftlint\nelse\n  echo \"warning: SwiftLint not installed, download from https://github.com/realm/SwiftLint\"\nfi\n";
		};
		D245221E914799230903C994 /* [CP] Check Pods Manifest.lock */ = {
			isa = PBXShellScriptBuildPhase;
			buildActionMask = 2147483647;
			files = (
			);
			inputFileListPaths = (
			);
			inputPaths = (
				"${PODS_PODFILE_DIR_PATH}/Podfile.lock",
				"${PODS_ROOT}/Manifest.lock",
			);
			name = "[CP] Check Pods Manifest.lock";
			outputFileListPaths = (
			);
			outputPaths = (
				"$(DERIVED_FILE_DIR)/Pods-AmIArtist-AmIArtistUITests-checkManifestLockResult.txt",
			);
			runOnlyForDeploymentPostprocessing = 0;
			shellPath = /bin/sh;
			shellScript = "diff \"${PODS_PODFILE_DIR_PATH}/Podfile.lock\" \"${PODS_ROOT}/Manifest.lock\" > /dev/null\nif [ $? != 0 ] ; then\n    # print error to STDERR\n    echo \"error: The sandbox is not in sync with the Podfile.lock. Run 'pod install' or update your CocoaPods installation.\" >&2\n    exit 1\nfi\n# This output is used by Xcode 'outputs' to avoid re-running this script phase.\necho \"SUCCESS\" > \"${SCRIPT_OUTPUT_FILE_0}\"\n";
			showEnvVarsInLog = 0;
		};
		E54679AB2369C09FDAF14CCB /* [CP] Check Pods Manifest.lock */ = {
			isa = PBXShellScriptBuildPhase;
			buildActionMask = 2147483647;
			files = (
			);
			inputFileListPaths = (
			);
			inputPaths = (
				"${PODS_PODFILE_DIR_PATH}/Podfile.lock",
				"${PODS_ROOT}/Manifest.lock",
			);
			name = "[CP] Check Pods Manifest.lock";
			outputFileListPaths = (
			);
			outputPaths = (
				"$(DERIVED_FILE_DIR)/Pods-AmIArtist-checkManifestLockResult.txt",
			);
			runOnlyForDeploymentPostprocessing = 0;
			shellPath = /bin/sh;
			shellScript = "diff \"${PODS_PODFILE_DIR_PATH}/Podfile.lock\" \"${PODS_ROOT}/Manifest.lock\" > /dev/null\nif [ $? != 0 ] ; then\n    # print error to STDERR\n    echo \"error: The sandbox is not in sync with the Podfile.lock. Run 'pod install' or update your CocoaPods installation.\" >&2\n    exit 1\nfi\n# This output is used by Xcode 'outputs' to avoid re-running this script phase.\necho \"SUCCESS\" > \"${SCRIPT_OUTPUT_FILE_0}\"\n";
			showEnvVarsInLog = 0;
		};
/* End PBXShellScriptBuildPhase section */

/* Begin PBXSourcesBuildPhase section */
		9034BC1A276CFCF7009A6545 /* Sources */ = {
			isa = PBXSourcesBuildPhase;
			buildActionMask = 2147483647;
			files = (
				9034BC26276CFCF7009A6545 /* ViewController.swift in Sources */,
				900BE3DF2770DB4D00D04E8E /* DataModel.xcdatamodeld in Sources */,
				9034BC22276CFCF7009A6545 /* AppDelegate.swift in Sources */,
				900BE3E12770F04A00D04E8E /* HistoryViewController.swift in Sources */,
				900BE3E9277216C700D04E8E /* PaddingLabel.swift in Sources */,
				900BE3E7277202D800D04E8E /* HistoryCollectionView.swift in Sources */,
				9034BC24276CFCF7009A6545 /* SceneDelegate.swift in Sources */,
				900BE3E52771BCF400D04E8E /* HistoryItemViewCell.swift in Sources */,
			);
			runOnlyForDeploymentPostprocessing = 0;
		};
		9034BC30276CFCF8009A6545 /* Sources */ = {
			isa = PBXSourcesBuildPhase;
			buildActionMask = 2147483647;
			files = (
				9034BC39276CFCF8009A6545 /* AutoML42Tests.swift in Sources */,
			);
			runOnlyForDeploymentPostprocessing = 0;
		};
		9034BC3A276CFCF8009A6545 /* Sources */ = {
			isa = PBXSourcesBuildPhase;
			buildActionMask = 2147483647;
			files = (
				9034BC45276CFCF8009A6545 /* AutoML42UITestsLaunchTests.swift in Sources */,
				9034BC43276CFCF8009A6545 /* AutoML42UITests.swift in Sources */,
			);
			runOnlyForDeploymentPostprocessing = 0;
		};
/* End PBXSourcesBuildPhase section */

/* Begin PBXTargetDependency section */
		9034BC36276CFCF8009A6545 /* PBXTargetDependency */ = {
			isa = PBXTargetDependency;
			target = 9034BC1D276CFCF7009A6545 /* AmIArtist */;
			targetProxy = 9034BC35276CFCF8009A6545 /* PBXContainerItemProxy */;
		};
		9034BC40276CFCF8009A6545 /* PBXTargetDependency */ = {
			isa = PBXTargetDependency;
			target = 9034BC1D276CFCF7009A6545 /* AmIArtist */;
			targetProxy = 9034BC3F276CFCF8009A6545 /* PBXContainerItemProxy */;
		};
/* End PBXTargetDependency section */

/* Begin PBXVariantGroup section */
		9034BC27276CFCF7009A6545 /* Main.storyboard */ = {
			isa = PBXVariantGroup;
			children = (
				9034BC28276CFCF7009A6545 /* Base */,
			);
			name = Main.storyboard;
			sourceTree = "<group>";
		};
		9034BC2C276CFCF8009A6545 /* LaunchScreen.storyboard */ = {
			isa = PBXVariantGroup;
			children = (
				9034BC2D276CFCF8009A6545 /* Base */,
			);
			name = LaunchScreen.storyboard;
			sourceTree = "<group>";
		};
/* End PBXVariantGroup section */

/* Begin XCBuildConfiguration section */
		9034BC46276CFCF8009A6545 /* Debug */ = {
			isa = XCBuildConfiguration;
			buildSettings = {
				ALWAYS_SEARCH_USER_PATHS = NO;
				CLANG_ANALYZER_NONNULL = YES;
				CLANG_ANALYZER_NUMBER_OBJECT_CONVERSION = YES_AGGRESSIVE;
				CLANG_CXX_LANGUAGE_STANDARD = "gnu++17";
				CLANG_CXX_LIBRARY = "libc++";
				CLANG_ENABLE_MODULES = YES;
				CLANG_ENABLE_OBJC_ARC = YES;
				CLANG_ENABLE_OBJC_WEAK = YES;
				CLANG_WARN_BLOCK_CAPTURE_AUTORELEASING = YES;
				CLANG_WARN_BOOL_CONVERSION = YES;
				CLANG_WARN_COMMA = YES;
				CLANG_WARN_CONSTANT_CONVERSION = YES;
				CLANG_WARN_DEPRECATED_OBJC_IMPLEMENTATIONS = YES;
				CLANG_WARN_DIRECT_OBJC_ISA_USAGE = YES_ERROR;
				CLANG_WARN_DOCUMENTATION_COMMENTS = YES;
				CLANG_WARN_EMPTY_BODY = YES;
				CLANG_WARN_ENUM_CONVERSION = YES;
				CLANG_WARN_INFINITE_RECURSION = YES;
				CLANG_WARN_INT_CONVERSION = YES;
				CLANG_WARN_NON_LITERAL_NULL_CONVERSION = YES;
				CLANG_WARN_OBJC_IMPLICIT_RETAIN_SELF = YES;
				CLANG_WARN_OBJC_LITERAL_CONVERSION = YES;
				CLANG_WARN_OBJC_ROOT_CLASS = YES_ERROR;
				CLANG_WARN_QUOTED_INCLUDE_IN_FRAMEWORK_HEADER = YES;
				CLANG_WARN_RANGE_LOOP_ANALYSIS = YES;
				CLANG_WARN_STRICT_PROTOTYPES = YES;
				CLANG_WARN_SUSPICIOUS_MOVE = YES;
				CLANG_WARN_UNGUARDED_AVAILABILITY = YES_AGGRESSIVE;
				CLANG_WARN_UNREACHABLE_CODE = YES;
				CLANG_WARN__DUPLICATE_METHOD_MATCH = YES;
				COPY_PHASE_STRIP = NO;
				DEBUG_INFORMATION_FORMAT = dwarf;
				ENABLE_STRICT_OBJC_MSGSEND = YES;
				ENABLE_TESTABILITY = YES;
				GCC_C_LANGUAGE_STANDARD = gnu11;
				GCC_DYNAMIC_NO_PIC = NO;
				GCC_NO_COMMON_BLOCKS = YES;
				GCC_OPTIMIZATION_LEVEL = 0;
				GCC_PREPROCESSOR_DEFINITIONS = (
					"DEBUG=1",
					"$(inherited)",
				);
				GCC_WARN_64_TO_32_BIT_CONVERSION = YES;
				GCC_WARN_ABOUT_RETURN_TYPE = YES_ERROR;
				GCC_WARN_UNDECLARED_SELECTOR = YES;
				GCC_WARN_UNINITIALIZED_AUTOS = YES_AGGRESSIVE;
				GCC_WARN_UNUSED_FUNCTION = YES;
				GCC_WARN_UNUSED_VARIABLE = YES;
				IPHONEOS_DEPLOYMENT_TARGET = 15.0;
				MTL_ENABLE_DEBUG_INFO = INCLUDE_SOURCE;
				MTL_FAST_MATH = YES;
				ONLY_ACTIVE_ARCH = YES;
				SDKROOT = iphoneos;
				SWIFT_ACTIVE_COMPILATION_CONDITIONS = DEBUG;
				SWIFT_OPTIMIZATION_LEVEL = "-Onone";
			};
			name = Debug;
		};
		9034BC47276CFCF8009A6545 /* Release */ = {
			isa = XCBuildConfiguration;
			buildSettings = {
				ALWAYS_SEARCH_USER_PATHS = NO;
				CLANG_ANALYZER_NONNULL = YES;
				CLANG_ANALYZER_NUMBER_OBJECT_CONVERSION = YES_AGGRESSIVE;
				CLANG_CXX_LANGUAGE_STANDARD = "gnu++17";
				CLANG_CXX_LIBRARY = "libc++";
				CLANG_ENABLE_MODULES = YES;
				CLANG_ENABLE_OBJC_ARC = YES;
				CLANG_ENABLE_OBJC_WEAK = YES;
				CLANG_WARN_BLOCK_CAPTURE_AUTORELEASING = YES;
				CLANG_WARN_BOOL_CONVERSION = YES;
				CLANG_WARN_COMMA = YES;
				CLANG_WARN_CONSTANT_CONVERSION = YES;
				CLANG_WARN_DEPRECATED_OBJC_IMPLEMENTATIONS = YES;
				CLANG_WARN_DIRECT_OBJC_ISA_USAGE = YES_ERROR;
				CLANG_WARN_DOCUMENTATION_COMMENTS = YES;
				CLANG_WARN_EMPTY_BODY = YES;
				CLANG_WARN_ENUM_CONVERSION = YES;
				CLANG_WARN_INFINITE_RECURSION = YES;
				CLANG_WARN_INT_CONVERSION = YES;
				CLANG_WARN_NON_LITERAL_NULL_CONVERSION = YES;
				CLANG_WARN_OBJC_IMPLICIT_RETAIN_SELF = YES;
				CLANG_WARN_OBJC_LITERAL_CONVERSION = YES;
				CLANG_WARN_OBJC_ROOT_CLASS = YES_ERROR;
				CLANG_WARN_QUOTED_INCLUDE_IN_FRAMEWORK_HEADER = YES;
				CLANG_WARN_RANGE_LOOP_ANALYSIS = YES;
				CLANG_WARN_STRICT_PROTOTYPES = YES;
				CLANG_WARN_SUSPICIOUS_MOVE = YES;
				CLANG_WARN_UNGUARDED_AVAILABILITY = YES_AGGRESSIVE;
				CLANG_WARN_UNREACHABLE_CODE = YES;
				CLANG_WARN__DUPLICATE_METHOD_MATCH = YES;
				COPY_PHASE_STRIP = NO;
				DEBUG_INFORMATION_FORMAT = "dwarf-with-dsym";
				ENABLE_NS_ASSERTIONS = NO;
				ENABLE_STRICT_OBJC_MSGSEND = YES;
				GCC_C_LANGUAGE_STANDARD = gnu11;
				GCC_NO_COMMON_BLOCKS = YES;
				GCC_WARN_64_TO_32_BIT_CONVERSION = YES;
				GCC_WARN_ABOUT_RETURN_TYPE = YES_ERROR;
				GCC_WARN_UNDECLARED_SELECTOR = YES;
				GCC_WARN_UNINITIALIZED_AUTOS = YES_AGGRESSIVE;
				GCC_WARN_UNUSED_FUNCTION = YES;
				GCC_WARN_UNUSED_VARIABLE = YES;
				IPHONEOS_DEPLOYMENT_TARGET = 15.0;
				MTL_ENABLE_DEBUG_INFO = NO;
				MTL_FAST_MATH = YES;
				SDKROOT = iphoneos;
				SWIFT_COMPILATION_MODE = wholemodule;
				SWIFT_OPTIMIZATION_LEVEL = "-O";
				VALIDATE_PRODUCT = YES;
			};
			name = Release;
		};
		9034BC49276CFCF8009A6545 /* Debug */ = {
			isa = XCBuildConfiguration;
			baseConfigurationReference = 7D47A6F3548C8EB2E969E210 /* Pods-AmIArtist.debug.xcconfig */;
			buildSettings = {
				ASSETCATALOG_COMPILER_APPICON_NAME = AppIcon;
				ASSETCATALOG_COMPILER_GLOBAL_ACCENT_COLOR_NAME = AccentColor;
				CODE_SIGN_STYLE = Automatic;
				CURRENT_PROJECT_VERSION = 1;
				DEVELOPMENT_TEAM = 54PCB24H6S;
				GENERATE_INFOPLIST_FILE = YES;
				INFOPLIST_FILE = AmIArtist/Info.plist;
				INFOPLIST_KEY_UIApplicationSupportsIndirectInputEvents = YES;
				INFOPLIST_KEY_UILaunchStoryboardName = LaunchScreen;
				INFOPLIST_KEY_UIMainStoryboardFile = Main;
				INFOPLIST_KEY_UISupportedInterfaceOrientations_iPad = "UIInterfaceOrientationPortrait UIInterfaceOrientationPortraitUpsideDown UIInterfaceOrientationLandscapeLeft UIInterfaceOrientationLandscapeRight";
				INFOPLIST_KEY_UISupportedInterfaceOrientations_iPhone = "UIInterfaceOrientationPortrait UIInterfaceOrientationLandscapeLeft UIInterfaceOrientationLandscapeRight";
				LD_RUNPATH_SEARCH_PATHS = (
					"$(inherited)",
					"@executable_path/Frameworks",
				);
				MARKETING_VERSION = 1.0;
				PRODUCT_BUNDLE_IDENTIFIER = con.suhshin.AutoML42;
				PRODUCT_NAME = "$(TARGET_NAME)";
				SWIFT_EMIT_LOC_STRINGS = YES;
				SWIFT_VERSION = 5.0;
				TARGETED_DEVICE_FAMILY = "1,2";
			};
			name = Debug;
		};
		9034BC4A276CFCF8009A6545 /* Release */ = {
			isa = XCBuildConfiguration;
			baseConfigurationReference = 9D0BA6BC9EA42F43E8D759A2 /* Pods-AmIArtist.release.xcconfig */;
			buildSettings = {
				ASSETCATALOG_COMPILER_APPICON_NAME = AppIcon;
				ASSETCATALOG_COMPILER_GLOBAL_ACCENT_COLOR_NAME = AccentColor;
				CODE_SIGN_STYLE = Automatic;
				CURRENT_PROJECT_VERSION = 1;
				DEVELOPMENT_TEAM = 54PCB24H6S;
				GENERATE_INFOPLIST_FILE = YES;
				INFOPLIST_FILE = AmIArtist/Info.plist;
				INFOPLIST_KEY_UIApplicationSupportsIndirectInputEvents = YES;
				INFOPLIST_KEY_UILaunchStoryboardName = LaunchScreen;
				INFOPLIST_KEY_UIMainStoryboardFile = Main;
				INFOPLIST_KEY_UISupportedInterfaceOrientations_iPad = "UIInterfaceOrientationPortrait UIInterfaceOrientationPortraitUpsideDown UIInterfaceOrientationLandscapeLeft UIInterfaceOrientationLandscapeRight";
				INFOPLIST_KEY_UISupportedInterfaceOrientations_iPhone = "UIInterfaceOrientationPortrait UIInterfaceOrientationLandscapeLeft UIInterfaceOrientationLandscapeRight";
				LD_RUNPATH_SEARCH_PATHS = (
					"$(inherited)",
					"@executable_path/Frameworks",
				);
				MARKETING_VERSION = 1.0;
				PRODUCT_BUNDLE_IDENTIFIER = con.suhshin.AutoML42;
				PRODUCT_NAME = "$(TARGET_NAME)";
				SWIFT_EMIT_LOC_STRINGS = YES;
				SWIFT_VERSION = 5.0;
				TARGETED_DEVICE_FAMILY = "1,2";
			};
			name = Release;
		};
		9034BC4C276CFCF8009A6545 /* Debug */ = {
			isa = XCBuildConfiguration;
			baseConfigurationReference = 1C205B977B830E1F063CBEF4 /* Pods-AmIArtistTests.debug.xcconfig */;
			buildSettings = {
				ALWAYS_EMBED_SWIFT_STANDARD_LIBRARIES = YES;
				BUNDLE_LOADER = "$(TEST_HOST)";
				CODE_SIGN_STYLE = Automatic;
				CURRENT_PROJECT_VERSION = 1;
				DEVELOPMENT_TEAM = 54PCB24H6S;
				GENERATE_INFOPLIST_FILE = YES;
				IPHONEOS_DEPLOYMENT_TARGET = 15.0;
				LD_RUNPATH_SEARCH_PATHS = (
					"$(inherited)",
					"@executable_path/Frameworks",
					"@loader_path/Frameworks",
				);
				MARKETING_VERSION = 1.0;
				PRODUCT_BUNDLE_IDENTIFIER = con.suhshin.AutoML42Tests;
				PRODUCT_NAME = "$(TARGET_NAME)";
				SWIFT_EMIT_LOC_STRINGS = NO;
				SWIFT_VERSION = 5.0;
				TARGETED_DEVICE_FAMILY = "1,2";
				TEST_HOST = "$(BUILT_PRODUCTS_DIR)/AmIArtist.app/AmIArtist";
			};
			name = Debug;
		};
		9034BC4D276CFCF8009A6545 /* Release */ = {
			isa = XCBuildConfiguration;
			baseConfigurationReference = 077D7848F4129A9C5029648B /* Pods-AmIArtistTests.release.xcconfig */;
			buildSettings = {
				ALWAYS_EMBED_SWIFT_STANDARD_LIBRARIES = YES;
				BUNDLE_LOADER = "$(TEST_HOST)";
				CODE_SIGN_STYLE = Automatic;
				CURRENT_PROJECT_VERSION = 1;
				DEVELOPMENT_TEAM = 54PCB24H6S;
				GENERATE_INFOPLIST_FILE = YES;
				IPHONEOS_DEPLOYMENT_TARGET = 15.0;
				LD_RUNPATH_SEARCH_PATHS = (
					"$(inherited)",
					"@executable_path/Frameworks",
					"@loader_path/Frameworks",
				);
				MARKETING_VERSION = 1.0;
				PRODUCT_BUNDLE_IDENTIFIER = con.suhshin.AutoML42Tests;
				PRODUCT_NAME = "$(TARGET_NAME)";
				SWIFT_EMIT_LOC_STRINGS = NO;
				SWIFT_VERSION = 5.0;
				TARGETED_DEVICE_FAMILY = "1,2";
				TEST_HOST = "$(BUILT_PRODUCTS_DIR)/AmIArtist.app/AmIArtist";
			};
			name = Release;
		};
		9034BC4F276CFCF8009A6545 /* Debug */ = {
			isa = XCBuildConfiguration;
			baseConfigurationReference = 81C2C23C69AA3D3116896EF7 /* Pods-AmIArtist-AmIArtistUITests.debug.xcconfig */;
			buildSettings = {
				ALWAYS_EMBED_SWIFT_STANDARD_LIBRARIES = YES;
				CODE_SIGN_STYLE = Automatic;
				CURRENT_PROJECT_VERSION = 1;
				DEVELOPMENT_TEAM = 54PCB24H6S;
				GENERATE_INFOPLIST_FILE = YES;
				LD_RUNPATH_SEARCH_PATHS = (
					"$(inherited)",
					"@executable_path/Frameworks",
					"@loader_path/Frameworks",
				);
				MARKETING_VERSION = 1.0;
				PRODUCT_BUNDLE_IDENTIFIER = con.suhshin.AutoML42UITests;
				PRODUCT_NAME = "$(TARGET_NAME)";
				SWIFT_EMIT_LOC_STRINGS = NO;
				SWIFT_VERSION = 5.0;
				TARGETED_DEVICE_FAMILY = "1,2";
				TEST_TARGET_NAME = AutoML42;
			};
			name = Debug;
		};
		9034BC50276CFCF8009A6545 /* Release */ = {
			isa = XCBuildConfiguration;
			baseConfigurationReference = 4E9D2C1C71A9F949CFAEBFD5 /* Pods-AmIArtist-AmIArtistUITests.release.xcconfig */;
			buildSettings = {
				ALWAYS_EMBED_SWIFT_STANDARD_LIBRARIES = YES;
				CODE_SIGN_STYLE = Automatic;
				CURRENT_PROJECT_VERSION = 1;
				DEVELOPMENT_TEAM = 54PCB24H6S;
				GENERATE_INFOPLIST_FILE = YES;
				LD_RUNPATH_SEARCH_PATHS = (
					"$(inherited)",
					"@executable_path/Frameworks",
					"@loader_path/Frameworks",
				);
				MARKETING_VERSION = 1.0;
				PRODUCT_BUNDLE_IDENTIFIER = con.suhshin.AutoML42UITests;
				PRODUCT_NAME = "$(TARGET_NAME)";
				SWIFT_EMIT_LOC_STRINGS = NO;
				SWIFT_VERSION = 5.0;
				TARGETED_DEVICE_FAMILY = "1,2";
				TEST_TARGET_NAME = AutoML42;
			};
			name = Release;
		};
/* End XCBuildConfiguration section */

/* Begin XCConfigurationList section */
		9034BC19276CFCF6009A6545 /* Build configuration list for PBXProject "AmIArtist" */ = {
			isa = XCConfigurationList;
			buildConfigurations = (
				9034BC46276CFCF8009A6545 /* Debug */,
				9034BC47276CFCF8009A6545 /* Release */,
			);
			defaultConfigurationIsVisible = 0;
			defaultConfigurationName = Release;
		};
		9034BC48276CFCF8009A6545 /* Build configuration list for PBXNativeTarget "AmIArtist" */ = {
			isa = XCConfigurationList;
			buildConfigurations = (
				9034BC49276CFCF8009A6545 /* Debug */,
				9034BC4A276CFCF8009A6545 /* Release */,
			);
			defaultConfigurationIsVisible = 0;
			defaultConfigurationName = Release;
		};
		9034BC4B276CFCF8009A6545 /* Build configuration list for PBXNativeTarget "AmIArtistTests" */ = {
			isa = XCConfigurationList;
			buildConfigurations = (
				9034BC4C276CFCF8009A6545 /* Debug */,
				9034BC4D276CFCF8009A6545 /* Release */,
			);
			defaultConfigurationIsVisible = 0;
			defaultConfigurationName = Release;
		};
		9034BC4E276CFCF8009A6545 /* Build configuration list for PBXNativeTarget "AmIArtistUITests" */ = {
			isa = XCConfigurationList;
			buildConfigurations = (
				9034BC4F276CFCF8009A6545 /* Debug */,
				9034BC50276CFCF8009A6545 /* Release */,
			);
			defaultConfigurationIsVisible = 0;
			defaultConfigurationName = Release;
		};
/* End XCConfigurationList section */

/* Begin XCVersionGroup section */
		900BE3DD2770DB4D00D04E8E /* DataModel.xcdatamodeld */ = {
			isa = XCVersionGroup;
			children = (
				900BE3DE2770DB4D00D04E8E /* DataModel.xcdatamodel */,
			);
			currentVersion = 900BE3DE2770DB4D00D04E8E /* DataModel.xcdatamodel */;
			path = DataModel.xcdatamodeld;
			sourceTree = "<group>";
			versionGroupType = wrapper.xcdatamodel;
		};
/* End XCVersionGroup section */
	};
	rootObject = 9034BC16276CFCF6009A6545 /* Project object */;
}
